// !$*UTF8*$!
{
	archiveVersion = 1;
	classes = {
	};
	objectVersion = 50;
	objects = {

/* Begin PBXBuildFile section */
		CD22E5262354E76100C85AAC /* QuestionView.swift in Sources */ = {isa = PBXBuildFile; fileRef = CD22E5252354E76100C85AAC /* QuestionView.swift */; };
		CD3EAEA02340DFAC00792938 /* AppDelegate.swift in Sources */ = {isa = PBXBuildFile; fileRef = CD3EAE9F2340DFAC00792938 /* AppDelegate.swift */; };
		CD3EAEA22340DFAC00792938 /* SceneDelegate.swift in Sources */ = {isa = PBXBuildFile; fileRef = CD3EAEA12340DFAC00792938 /* SceneDelegate.swift */; };
		CD3EAEA42340DFAC00792938 /* ViewController.swift in Sources */ = {isa = PBXBuildFile; fileRef = CD3EAEA32340DFAC00792938 /* ViewController.swift */; };
		CD3EAEA72340DFAC00792938 /* Main.storyboard in Resources */ = {isa = PBXBuildFile; fileRef = CD3EAEA52340DFAC00792938 /* Main.storyboard */; };
		CD3EAEA92340DFAD00792938 /* Assets.xcassets in Resources */ = {isa = PBXBuildFile; fileRef = CD3EAEA82340DFAD00792938 /* Assets.xcassets */; };
		CD3EAEAC2340DFAD00792938 /* LaunchScreen.storyboard in Resources */ = {isa = PBXBuildFile; fileRef = CD3EAEAA2340DFAD00792938 /* LaunchScreen.storyboard */; };
		CD3EAEB42340F94500792938 /* Balham.otf in Resources */ = {isa = PBXBuildFile; fileRef = CD3EAEB32340F94500792938 /* Balham.otf */; };
		CD3EAEBB2342713A00792938 /* Question.swift in Sources */ = {isa = PBXBuildFile; fileRef = CD3EAEBA2342713A00792938 /* Question.swift */; };
		CD3EAEBD234271C900792938 /* Default-568h@2x.png in Resources */ = {isa = PBXBuildFile; fileRef = CD3EAEBC234271C900792938 /* Default-568h@2x.png */; };
		CD3EAEBF2342A86300792938 /* QuestionManager.swift in Sources */ = {isa = PBXBuildFile; fileRef = CD3EAEBE2342A86300792938 /* QuestionManager.swift */; };
		CD54DA8A234C7B89008C9C6D /* Game.swift in Sources */ = {isa = PBXBuildFile; fileRef = CD54DA89234C7B89008C9C6D /* Game.swift */; };
/* End PBXBuildFile section */

/* Begin PBXFileReference section */
		CD22E5252354E76100C85AAC /* QuestionView.swift */ = {isa = PBXFileReference; lastKnownFileType = sourcecode.swift; path = QuestionView.swift; sourceTree = "<group>"; };
		CD3EAE9C2340DFAC00792938 /* OpenQuizz.app */ = {isa = PBXFileReference; explicitFileType = wrapper.application; includeInIndex = 0; path = OpenQuizz.app; sourceTree = BUILT_PRODUCTS_DIR; };
		CD3EAE9F2340DFAC00792938 /* AppDelegate.swift */ = {isa = PBXFileReference; lastKnownFileType = sourcecode.swift; path = AppDelegate.swift; sourceTree = "<group>"; };
		CD3EAEA12340DFAC00792938 /* SceneDelegate.swift */ = {isa = PBXFileReference; lastKnownFileType = sourcecode.swift; path = SceneDelegate.swift; sourceTree = "<group>"; };
		CD3EAEA32340DFAC00792938 /* ViewController.swift */ = {isa = PBXFileReference; lastKnownFileType = sourcecode.swift; path = ViewController.swift; sourceTree = "<group>"; };
		CD3EAEA62340DFAC00792938 /* Base */ = {isa = PBXFileReference; lastKnownFileType = file.storyboard; name = Base; path = Base.lproj/Main.storyboard; sourceTree = "<group>"; };
		CD3EAEA82340DFAD00792938 /* Assets.xcassets */ = {isa = PBXFileReference; lastKnownFileType = folder.assetcatalog; path = Assets.xcassets; sourceTree = "<group>"; };
		CD3EAEAB2340DFAD00792938 /* Base */ = {isa = PBXFileReference; lastKnownFileType = file.storyboard; name = Base; path = Base.lproj/LaunchScreen.storyboard; sourceTree = "<group>"; };
		CD3EAEAD2340DFAD00792938 /* Info.plist */ = {isa = PBXFileReference; lastKnownFileType = text.plist.xml; path = Info.plist; sourceTree = "<group>"; };
		CD3EAEB32340F94500792938 /* Balham.otf */ = {isa = PBXFileReference; lastKnownFileType = file; path = Balham.otf; sourceTree = "<group>"; };
		CD3EAEBA2342713A00792938 /* Question.swift */ = {isa = PBXFileReference; lastKnownFileType = sourcecode.swift; path = Question.swift; sourceTree = "<group>"; };
		CD3EAEBC234271C900792938 /* Default-568h@2x.png */ = {isa = PBXFileReference; lastKnownFileType = image.png; path = "Default-568h@2x.png"; sourceTree = "<group>"; };
		CD3EAEBE2342A86300792938 /* QuestionManager.swift */ = {isa = PBXFileReference; lastKnownFileType = sourcecode.swift; path = QuestionManager.swift; sourceTree = "<group>"; };
		CD54DA89234C7B89008C9C6D /* Game.swift */ = {isa = PBXFileReference; lastKnownFileType = sourcecode.swift; path = Game.swift; sourceTree = "<group>"; };
/* End PBXFileReference section */

/* Begin PBXFrameworksBuildPhase section */
		CD3EAE992340DFAC00792938 /* Frameworks */ = {
			isa = PBXFrameworksBuildPhase;
			buildActionMask = 2147483647;
			files = (
			);
			runOnlyForDeploymentPostprocessing = 0;
		};
/* End PBXFrameworksBuildPhase section */

/* Begin PBXGroup section */
		CD3EAE932340DFAC00792938 = {
			isa = PBXGroup;
			children = (
				CD3EAEBC234271C900792938 /* Default-568h@2x.png */,
				CD3EAE9E2340DFAC00792938 /* OpenQuizz */,
				CD3EAE9D2340DFAC00792938 /* Products */,
			);
			sourceTree = "<group>";
		};
		CD3EAE9D2340DFAC00792938 /* Products */ = {
			isa = PBXGroup;
			children = (
				CD3EAE9C2340DFAC00792938 /* OpenQuizz.app */,
			);
			name = Products;
			sourceTree = "<group>";
		};
		CD3EAE9E2340DFAC00792938 /* OpenQuizz */ = {
			isa = PBXGroup;
			children = (
				CD3EAEB823426F7F00792938 /* Supporting Files */,
				CD3EAEB523426EF200792938 /* Model */,
				CD3EAEB623426EFC00792938 /* View */,
				CD3EAEB723426F0300792938 /* Controller */,
			);
			path = OpenQuizz;
			sourceTree = "<group>";
		};
		CD3EAEB523426EF200792938 /* Model */ = {
			isa = PBXGroup;
			children = (
				CD3EAEBA2342713A00792938 /* Question.swift */,
				CD3EAEBE2342A86300792938 /* QuestionManager.swift */,
				CD54DA89234C7B89008C9C6D /* Game.swift */,
			);
			path = Model;
			sourceTree = "<group>";
		};
		CD3EAEB623426EFC00792938 /* View */ = {
			isa = PBXGroup;
			children = (
				CD3EAEA52340DFAC00792938 /* Main.storyboard */,
				CD22E5252354E76100C85AAC /* QuestionView.swift */,
			);
			path = View;
			sourceTree = "<group>";
		};
		CD3EAEB723426F0300792938 /* Controller */ = {
			isa = PBXGroup;
			children = (
				CD3EAEA32340DFAC00792938 /* ViewController.swift */,
			);
			path = Controller;
			sourceTree = "<group>";
		};
		CD3EAEB823426F7F00792938 /* Supporting Files */ = {
			isa = PBXGroup;
			children = (
				CD3EAE9F2340DFAC00792938 /* AppDelegate.swift */,
				CD3EAEA12340DFAC00792938 /* SceneDelegate.swift */,
				CD3EAEA82340DFAD00792938 /* Assets.xcassets */,
				CD3EAEB32340F94500792938 /* Balham.otf */,
				CD3EAEAA2340DFAD00792938 /* LaunchScreen.storyboard */,
				CD3EAEAD2340DFAD00792938 /* Info.plist */,
			);
			path = "Supporting Files";
			sourceTree = "<group>";
		};
/* End PBXGroup section */

/* Begin PBXNativeTarget section */
		CD3EAE9B2340DFAC00792938 /* OpenQuizz */ = {
			isa = PBXNativeTarget;
			buildConfigurationList = CD3EAEB02340DFAD00792938 /* Build configuration list for PBXNativeTarget "OpenQuizz" */;
			buildPhases = (
				CD3EAE982340DFAC00792938 /* Sources */,
				CD3EAE992340DFAC00792938 /* Frameworks */,
				CD3EAE9A2340DFAC00792938 /* Resources */,
			);
			buildRules = (
			);
			dependencies = (
			);
			name = OpenQuizz;
			productName = OpenQuizz;
			productReference = CD3EAE9C2340DFAC00792938 /* OpenQuizz.app */;
			productType = "com.apple.product-type.application";
		};
/* End PBXNativeTarget section */

/* Begin PBXProject section */
		CD3EAE942340DFAC00792938 /* Project object */ = {
			isa = PBXProject;
			attributes = {
				LastSwiftUpdateCheck = 1100;
				LastUpgradeCheck = 1100;
				ORGANIZATIONNAME = "Stephane Gabillet";
				TargetAttributes = {
					CD3EAE9B2340DFAC00792938 = {
						CreatedOnToolsVersion = 11.0;
					};
				};
			};
			buildConfigurationList = CD3EAE972340DFAC00792938 /* Build configuration list for PBXProject "OpenQuizz" */;
			compatibilityVersion = "Xcode 9.3";
			developmentRegion = en;
			hasScannedForEncodings = 0;
			knownRegions = (
				en,
				Base,
			);
			mainGroup = CD3EAE932340DFAC00792938;
			productRefGroup = CD3EAE9D2340DFAC00792938 /* Products */;
			projectDirPath = "";
			projectRoot = "";
			targets = (
				CD3EAE9B2340DFAC00792938 /* OpenQuizz */,
			);
		};
/* End PBXProject section */

/* Begin PBXResourcesBuildPhase section */
		CD3EAE9A2340DFAC00792938 /* Resources */ = {
			isa = PBXResourcesBuildPhase;
			buildActionMask = 2147483647;
			files = (
				CD3EAEAC2340DFAD00792938 /* LaunchScreen.storyboard in Resources */,
				CD3EAEA92340DFAD00792938 /* Assets.xcassets in Resources */,
				CD3EAEB42340F94500792938 /* Balham.otf in Resources */,
				CD3EAEBD234271C900792938 /* Default-568h@2x.png in Resources */,
				CD3EAEA72340DFAC00792938 /* Main.storyboard in Resources */,
			);
			runOnlyForDeploymentPostprocessing = 0;
		};
/* End PBXResourcesBuildPhase section */

/* Begin PBXSourcesBuildPhase section */
		CD3EAE982340DFAC00792938 /* Sources */ = {
			isa = PBXSourcesBuildPhase;
			buildActionMask = 2147483647;
			files = (
				CD3EAEA42340DFAC00792938 /* ViewController.swift in Sources */,
				CD54DA8A234C7B89008C9C6D /* Game.swift in Sources */,
				CD3EAEBB2342713A00792938 /* Question.swift in Sources */,
				CD22E5262354E76100C85AAC /* QuestionView.swift in Sources */,
				CD3EAEA02340DFAC00792938 /* AppDelegate.swift in Sources */,
				CD3EAEBF2342A86300792938 /* QuestionManager.swift in Sources */,
				CD3EAEA22340DFAC00792938 /* SceneDelegate.swift in Sources */,
			);
			runOnlyForDeploymentPostprocessing = 0;
		};
/* End PBXSourcesBuildPhase section */

/* Begin PBXVariantGroup section */
		CD3EAEA52340DFAC00792938 /* Main.storyboard */ = {
			isa = PBXVariantGroup;
			children = (
				CD3EAEA62340DFAC00792938 /* Base */,
			);
			name = Main.storyboard;
			sourceTree = "<group>";
		};
		CD3EAEAA2340DFAD00792938 /* LaunchScreen.storyboard */ = {
			isa = PBXVariantGroup;
			children = (
				CD3EAEAB2340DFAD00792938 /* Base */,
			);
			name = LaunchScreen.storyboard;
			sourceTree = "<group>";
		};
/* End PBXVariantGroup section */

/* Begin XCBuildConfiguration section */
		CD3EAEAE2340DFAD00792938 /* Debug */ = {
			isa = XCBuildConfiguration;
			buildSettings = {
				ALWAYS_SEARCH_USER_PATHS = NO;
				CLANG_ANALYZER_NONNULL = YES;
				CLANG_ANALYZER_NUMBER_OBJECT_CONVERSION = YES_AGGRESSIVE;
				CLANG_CXX_LANGUAGE_STANDARD = "gnu++14";
				CLANG_CXX_LIBRARY = "libc++";
				CLANG_ENABLE_MODULES = YES;
				CLANG_ENABLE_OBJC_ARC = YES;
				CLANG_ENABLE_OBJC_WEAK = YES;
				CLANG_WARN_BLOCK_CAPTURE_AUTORELEASING = YES;
				CLANG_WARN_BOOL_CONVERSION = YES;
				CLANG_WARN_COMMA = YES;
				CLANG_WARN_CONSTANT_CONVERSION = YES;
				CLANG_WARN_DEPRECATED_OBJC_IMPLEMENTATIONS = YES;
				CLANG_WARN_DIRECT_OBJC_ISA_USAGE = YES_ERROR;
				CLANG_WARN_DOCUMENTATION_COMMENTS = YES;
				CLANG_WARN_EMPTY_BODY = YES;
				CLANG_WARN_ENUM_CONVERSION = YES;
				CLANG_WARN_INFINITE_RECURSION = YES;
				CLANG_WARN_INT_CONVERSION = YES;
				CLANG_WARN_NON_LITERAL_NULL_CONVERSION = YES;
				CLANG_WARN_OBJC_IMPLICIT_RETAIN_SELF = YES;
				CLANG_WARN_OBJC_LITERAL_CONVERSION = YES;
				CLANG_WARN_OBJC_ROOT_CLASS = YES_ERROR;
				CLANG_WARN_RANGE_LOOP_ANALYSIS = YES;
				CLANG_WARN_STRICT_PROTOTYPES = YES;
				CLANG_WARN_SUSPICIOUS_MOVE = YES;
				CLANG_WARN_UNGUARDED_AVAILABILITY = YES_AGGRESSIVE;
				CLANG_WARN_UNREACHABLE_CODE = YES;
				CLANG_WARN__DUPLICATE_METHOD_MATCH = YES;
				COPY_PHASE_STRIP = NO;
				DEBUG_INFORMATION_FORMAT = dwarf;
				ENABLE_STRICT_OBJC_MSGSEND = YES;
				ENABLE_TESTABILITY = YES;
				GCC_C_LANGUAGE_STANDARD = gnu11;
				GCC_DYNAMIC_NO_PIC = NO;
				GCC_NO_COMMON_BLOCKS = YES;
				GCC_OPTIMIZATION_LEVEL = 0;
				GCC_PREPROCESSOR_DEFINITIONS = (
					"DEBUG=1",
					"$(inherited)",
				);
				GCC_WARN_64_TO_32_BIT_CONVERSION = YES;
				GCC_WARN_ABOUT_RETURN_TYPE = YES_ERROR;
				GCC_WARN_UNDECLARED_SELECTOR = YES;
				GCC_WARN_UNINITIALIZED_AUTOS = YES_AGGRESSIVE;
				GCC_WARN_UNUSED_FUNCTION = YES;
				GCC_WARN_UNUSED_VARIABLE = YES;
				IPHONEOS_DEPLOYMENT_TARGET = 13.0;
				MTL_ENABLE_DEBUG_INFO = INCLUDE_SOURCE;
				MTL_FAST_MATH = YES;
				ONLY_ACTIVE_ARCH = YES;
				SDKROOT = iphoneos;
				SWIFT_ACTIVE_COMPILATION_CONDITIONS = DEBUG;
				SWIFT_OPTIMIZATION_LEVEL = "-Onone";
			};
			name = Debug;
		};
		CD3EAEAF2340DFAD00792938 /* Release */ = {
			isa = XCBuildConfiguration;
			buildSettings = {
				ALWAYS_SEARCH_USER_PATHS = NO;
				CLANG_ANALYZER_NONNULL = YES;
				CLANG_ANALYZER_NUMBER_OBJECT_CONVERSION = YES_AGGRESSIVE;
				CLANG_CXX_LANGUAGE_STANDARD = "gnu++14";
				CLANG_CXX_LIBRARY = "libc++";
				CLANG_ENABLE_MODULES = YES;
				CLANG_ENABLE_OBJC_ARC = YES;
				CLANG_ENABLE_OBJC_WEAK = YES;
				CLANG_WARN_BLOCK_CAPTURE_AUTORELEASING = YES;
				CLANG_WARN_BOOL_CONVERSION = YES;
				CLANG_WARN_COMMA = YES;
				CLANG_WARN_CONSTANT_CONVERSION = YES;
				CLANG_WARN_DEPRECATED_OBJC_IMPLEMENTATIONS = YES;
				CLANG_WARN_DIRECT_OBJC_ISA_USAGE = YES_ERROR;
				CLANG_WARN_DOCUMENTATION_COMMENTS = YES;
				CLANG_WARN_EMPTY_BODY = YES;
				CLANG_WARN_ENUM_CONVERSION = YES;
				CLANG_WARN_INFINITE_RECURSION = YES;
				CLANG_WARN_INT_CONVERSION = YES;
				CLANG_WARN_NON_LITERAL_NULL_CONVERSION = YES;
				CLANG_WARN_OBJC_IMPLICIT_RETAIN_SELF = YES;
				CLANG_WARN_OBJC_LITERAL_CONVERSION = YES;
				CLANG_WARN_OBJC_ROOT_CLASS = YES_ERROR;
				CLANG_WARN_RANGE_LOOP_ANALYSIS = YES;
				CLANG_WARN_STRICT_PROTOTYPES = YES;
				CLANG_WARN_SUSPICIOUS_MOVE = YES;
				CLANG_WARN_UNGUARDED_AVAILABILITY = YES_AGGRESSIVE;
				CLANG_WARN_UNREACHABLE_CODE = YES;
				CLANG_WARN__DUPLICATE_METHOD_MATCH = YES;
				COPY_PHASE_STRIP = NO;
				DEBUG_INFORMATION_FORMAT = "dwarf-with-dsym";
				ENABLE_NS_ASSERTIONS = NO;
				ENABLE_STRICT_OBJC_MSGSEND = YES;
				GCC_C_LANGUAGE_STANDARD = gnu11;
				GCC_NO_COMMON_BLOCKS = YES;
				GCC_WARN_64_TO_32_BIT_CONVERSION = YES;
				GCC_WARN_ABOUT_RETURN_TYPE = YES_ERROR;
				GCC_WARN_UNDECLARED_SELECTOR = YES;
				GCC_WARN_UNINITIALIZED_AUTOS = YES_AGGRESSIVE;
				GCC_WARN_UNUSED_FUNCTION = YES;
				GCC_WARN_UNUSED_VARIABLE = YES;
				IPHONEOS_DEPLOYMENT_TARGET = 13.0;
				MTL_ENABLE_DEBUG_INFO = NO;
				MTL_FAST_MATH = YES;
				SDKROOT = iphoneos;
				SWIFT_COMPILATION_MODE = wholemodule;
				SWIFT_OPTIMIZATION_LEVEL = "-O";
				VALIDATE_PRODUCT = YES;
			};
			name = Release;
		};
		CD3EAEB12340DFAD00792938 /* Debug */ = {
			isa = XCBuildConfiguration;
			buildSettings = {
				ASSETCATALOG_COMPILER_APPICON_NAME = AppIcon;
				CODE_SIGN_STYLE = Automatic;
				DEVELOPMENT_TEAM = D3HBL46P2G;
				INFOPLIST_FILE = "$(SRCROOT)/OpenQuizz/Supporting Files/Info.plist";
				LD_RUNPATH_SEARCH_PATHS = (
					"$(inherited)",
					"@executable_path/Frameworks",
				);
				PRODUCT_BUNDLE_IDENTIFIER = com.StephaneGabillet.OpenQuizz;
				PRODUCT_NAME = "$(TARGET_NAME)";
				SWIFT_VERSION = 5.0;
				TARGETED_DEVICE_FAMILY = "1,2";
			};
			name = Debug;
		};
		CD3EAEB22340DFAD00792938 /* Release */ = {
			isa = XCBuildConfiguration;
			buildSettings = {
				ASSETCATALOG_COMPILER_APPICON_NAME = AppIcon;
				CODE_SIGN_STYLE = Automatic;
				DEVELOPMENT_TEAM = D3HBL46P2G;
				INFOPLIST_FILE = "$(SRCROOT)/OpenQuizz/Supporting Files/Info.plist";
				LD_RUNPATH_SEARCH_PATHS = (
					"$(inherited)",
					"@executable_path/Frameworks",
				);
				PRODUCT_BUNDLE_IDENTIFIER = com.StephaneGabillet.OpenQuizz;
				PRODUCT_NAME = "$(TARGET_NAME)";
				SWIFT_VERSION = 5.0;
				TARGETED_DEVICE_FAMILY = "1,2";
			};
			name = Release;
		};
/* End XCBuildConfiguration section */

/* Begin XCConfigurationList section */
		CD3EAE972340DFAC00792938 /* Build configuration list for PBXProject "OpenQuizz" */ = {
			isa = XCConfigurationList;
			buildConfigurations = (
				CD3EAEAE2340DFAD00792938 /* Debug */,
				CD3EAEAF2340DFAD00792938 /* Release */,
			);
			defaultConfigurationIsVisible = 0;
			defaultConfigurationName = Release;
		};
		CD3EAEB02340DFAD00792938 /* Build configuration list for PBXNativeTarget "OpenQuizz" */ = {
			isa = XCConfigurationList;
			buildConfigurations = (
				CD3EAEB12340DFAD00792938 /* Debug */,
				CD3EAEB22340DFAD00792938 /* Release */,
			);
			defaultConfigurationIsVisible = 0;
			defaultConfigurationName = Release;
		};
/* End XCConfigurationList section */
	};
	rootObject = CD3EAE942340DFAC00792938 /* Project object */;
}
